
Microsoft Visual Studio Solution File, Format Version 12.00
# Visual Studio Version 17
VisualStudioVersion = 17.10.35122.118
MinimumVisualStudioVersion = 10.0.40219.1
Project("{FAE04EC0-301F-11D3-BF4B-00C04F79EFBC}") = "TetrisGame", "TetrisGame\TetrisGame.csproj", "{AECF8F2F-6AC3-45FC-AF41-88B82C6D5599}"
EndProject
Global
	GlobalSection(SolutionConfigurationPlatforms) = preSolution
		Debug|Any CPU = Debug|Any CPU
		Release|Any CPU = Release|Any CPU
	EndGlobalSection
	GlobalSection(ProjectConfigurationPlatforms) = postSolution
		{AECF8F2F-6AC3-45FC-AF41-88B82C6D5599}.Debug|Any CPU.ActiveCfg = Debug|Any CPU
		{AECF8F2F-6AC3-45FC-AF41-88B82C6D5599}.Debug|Any CPU.Build.0 = Debug|Any CPU
		{AECF8F2F-6AC3-45FC-AF41-88B82C6D5599}.Release|Any CPU.ActiveCfg = Release|Any CPU
		{AECF8F2F-6AC3-45FC-AF41-88B82C6D5599}.Release|Any CPU.Build.0 = Release|Any CPU
	EndGlobalSection
	GlobalSection(SolutionProperties) = preSolution
		HideSolutionNode = FALSE
	EndGlobalSection
	GlobalSection(ExtensibilityGlobals) = postSolution
		SolutionGuid = {E9131661-B211-48EE-981D-16435A7FE4EE}
	EndGlobalSection
EndGlobal
